
Microsoft Visual Studio Solution File, Format Version 12.00
# Visual Studio 15
VisualStudioVersion = 15.0.28010.2016
MinimumVisualStudioVersion = 10.0.40219.1
Project("{9A19103F-16F7-4668-BE54-9A1E7A4F7556}") = "WebApp", "WebApp\WebApp.csproj", "{1E49739F-DA97-4EF1-981E-04A944FD0910}"
EndProject
Project("{9A19103F-16F7-4668-BE54-9A1E7A4F7556}") = "Shared", "Shared\Shared.csproj", "{7F21AE7A-6482-46E3-A8C6-69F6AE548EB9}"
EndProject
Project("{FAE04EC0-301F-11D3-BF4B-00C04F79EFBC}") = "API", "API\API.csproj", "{9AE7EA7A-C529-49D8-BF18-A9D4F8876319}"
EndProject
Global
	GlobalSection(SolutionConfigurationPlatforms) = preSolution
		Debug|Any CPU = Debug|Any CPU
		Release|Any CPU = Release|Any CPU
	EndGlobalSection
	GlobalSection(ProjectConfigurationPlatforms) = postSolution
		{1E49739F-DA97-4EF1-981E-04A944FD0910}.Debug|Any CPU.ActiveCfg = Debug|Any CPU
		{1E49739F-DA97-4EF1-981E-04A944FD0910}.Debug|Any CPU.Build.0 = Debug|Any CPU
		{1E49739F-DA97-4EF1-981E-04A944FD0910}.Release|Any CPU.ActiveCfg = Release|Any CPU
		{1E49739F-DA97-4EF1-981E-04A944FD0910}.Release|Any CPU.Build.0 = Release|Any CPU
		{7F21AE7A-6482-46E3-A8C6-69F6AE548EB9}.Debug|Any CPU.ActiveCfg = Debug|Any CPU
		{7F21AE7A-6482-46E3-A8C6-69F6AE548EB9}.Debug|Any CPU.Build.0 = Debug|Any CPU
		{7F21AE7A-6482-46E3-A8C6-69F6AE548EB9}.Release|Any CPU.ActiveCfg = Release|Any CPU
		{7F21AE7A-6482-46E3-A8C6-69F6AE548EB9}.Release|Any CPU.Build.0 = Release|Any CPU
		{9AE7EA7A-C529-49D8-BF18-A9D4F8876319}.Debug|Any CPU.ActiveCfg = Debug|Any CPU
		{9AE7EA7A-C529-49D8-BF18-A9D4F8876319}.Debug|Any CPU.Build.0 = Debug|Any CPU
		{9AE7EA7A-C529-49D8-BF18-A9D4F8876319}.Release|Any CPU.ActiveCfg = Release|Any CPU
		{9AE7EA7A-C529-49D8-BF18-A9D4F8876319}.Release|Any CPU.Build.0 = Release|Any CPU
	EndGlobalSection
	GlobalSection(SolutionProperties) = preSolution
		HideSolutionNode = FALSE
	EndGlobalSection
	GlobalSection(ExtensibilityGlobals) = postSolution
		SolutionGuid = {A64E3FC4-B220-42DC-B925-D6DD4F1BED4C}
	EndGlobalSection
EndGlobal
